
Microsoft Visual Studio Solution File, Format Version 12.00
# Visual Studio Version 16
VisualStudioVersion = 16.0.31624.102
MinimumVisualStudioVersion = 10.0.40219.1
Project("{FAE04EC0-301F-11D3-BF4B-00C04F79EFBC}") = "DesignPattern", "DesignPattern\DesignPattern.csproj", "{543A4813-2B1A-4308-BDE5-6C6F3196ED53}"
EndProject
Global
	GlobalSection(SolutionConfigurationPlatforms) = preSolution
		Debug|Any CPU = Debug|Any CPU
		Release|Any CPU = Release|Any CPU
	EndGlobalSection
	GlobalSection(ProjectConfigurationPlatforms) = postSolution
		{543A4813-2B1A-4308-BDE5-6C6F3196ED53}.Debug|Any CPU.ActiveCfg = Debug|Any CPU
		{543A4813-2B1A-4308-BDE5-6C6F3196ED53}.Debug|Any CPU.Build.0 = Debug|Any CPU
		{543A4813-2B1A-4308-BDE5-6C6F3196ED53}.Release|Any CPU.ActiveCfg = Release|Any CPU
		{543A4813-2B1A-4308-BDE5-6C6F3196ED53}.Release|Any CPU.Build.0 = Release|Any CPU
	EndGlobalSection
	GlobalSection(SolutionProperties) = preSolution
		HideSolutionNode = FALSE
	EndGlobalSection
	GlobalSection(ExtensibilityGlobals) = postSolution
		SolutionGuid = {D342A22E-3D79-46CB-B96A-3E6EBA19F4D0}
	EndGlobalSection
EndGlobal
