
Microsoft Visual Studio Solution File, Format Version 12.00
# Visual Studio Version 16
VisualStudioVersion = 16.0.31424.327
MinimumVisualStudioVersion = 10.0.40219.1
Project("{FAE04EC0-301F-11D3-BF4B-00C04F79EFBC}") = "Events", "Events\Events.csproj", "{E5A58D98-2339-460A-A5FC-F95179702566}"
EndProject
Global
	GlobalSection(SolutionConfigurationPlatforms) = preSolution
		Debug|Any CPU = Debug|Any CPU
		Release|Any CPU = Release|Any CPU
	EndGlobalSection
	GlobalSection(ProjectConfigurationPlatforms) = postSolution
		{E5A58D98-2339-460A-A5FC-F95179702566}.Debug|Any CPU.ActiveCfg = Debug|Any CPU
		{E5A58D98-2339-460A-A5FC-F95179702566}.Debug|Any CPU.Build.0 = Debug|Any CPU
		{E5A58D98-2339-460A-A5FC-F95179702566}.Release|Any CPU.ActiveCfg = Release|Any CPU
		{E5A58D98-2339-460A-A5FC-F95179702566}.Release|Any CPU.Build.0 = Release|Any CPU
	EndGlobalSection
	GlobalSection(SolutionProperties) = preSolution
		HideSolutionNode = FALSE
	EndGlobalSection
	GlobalSection(ExtensibilityGlobals) = postSolution
		SolutionGuid = {1D0AACF6-CBC9-4989-B4A4-10432678F329}
	EndGlobalSection
EndGlobal
