
Microsoft Visual Studio Solution File, Format Version 12.00
# Visual Studio Version 16
VisualStudioVersion = 16.0.31424.327
MinimumVisualStudioVersion = 10.0.40219.1
Project("{FAE04EC0-301F-11D3-BF4B-00C04F79EFBC}") = "hogskoleprovet", "hogskoleprovet\hogskoleprovet.csproj", "{9E33751B-E276-4B06-BFAD-5A1CA368769E}"
EndProject
Global
	GlobalSection(SolutionConfigurationPlatforms) = preSolution
		Debug|Any CPU = Debug|Any CPU
		Release|Any CPU = Release|Any CPU
	EndGlobalSection
	GlobalSection(ProjectConfigurationPlatforms) = postSolution
		{9E33751B-E276-4B06-BFAD-5A1CA368769E}.Debug|Any CPU.ActiveCfg = Debug|Any CPU
		{9E33751B-E276-4B06-BFAD-5A1CA368769E}.Debug|Any CPU.Build.0 = Debug|Any CPU
		{9E33751B-E276-4B06-BFAD-5A1CA368769E}.Release|Any CPU.ActiveCfg = Release|Any CPU
		{9E33751B-E276-4B06-BFAD-5A1CA368769E}.Release|Any CPU.Build.0 = Release|Any CPU
	EndGlobalSection
	GlobalSection(SolutionProperties) = preSolution
		HideSolutionNode = FALSE
	EndGlobalSection
	GlobalSection(ExtensibilityGlobals) = postSolution
		SolutionGuid = {2FD3D3BC-0A41-45DC-8837-3EF68015C270}
	EndGlobalSection
EndGlobal
